
Microsoft Visual Studio Solution File, Format Version 11.00
# Visual Studio 2010
Project("{FAE04EC0-301F-11D3-BF4B-00C04F79EFBC}") = "Ninja Go", "Assembly-CSharp.csproj", "{059FC2EA-1353-432C-D35D-2EB717C775D0}"
EndProject
Project("{FAE04EC0-301F-11D3-BF4B-00C04F79EFBC}") = "Ninja Go", "Assembly-CSharp-Editor.csproj", "{CA42063A-28F3-5937-58CD-4C5B812C0210}"
EndProject
Global
	GlobalSection(SolutionConfigurationPlatforms) = preSolution
		Debug|Any CPU = Debug|Any CPU
		Release|Any CPU = Release|Any CPU
	EndGlobalSection
	GlobalSection(ProjectConfigurationPlatforms) = postSolution
		{059FC2EA-1353-432C-D35D-2EB717C775D0}.Debug|Any CPU.ActiveCfg = Debug|Any CPU
		{059FC2EA-1353-432C-D35D-2EB717C775D0}.Debug|Any CPU.Build.0 = Debug|Any CPU
		{059FC2EA-1353-432C-D35D-2EB717C775D0}.Release|Any CPU.ActiveCfg = Release|Any CPU
		{059FC2EA-1353-432C-D35D-2EB717C775D0}.Release|Any CPU.Build.0 = Release|Any CPU
		{CA42063A-28F3-5937-58CD-4C5B812C0210}.Debug|Any CPU.ActiveCfg = Debug|Any CPU
		{CA42063A-28F3-5937-58CD-4C5B812C0210}.Debug|Any CPU.Build.0 = Debug|Any CPU
		{CA42063A-28F3-5937-58CD-4C5B812C0210}.Release|Any CPU.ActiveCfg = Release|Any CPU
		{CA42063A-28F3-5937-58CD-4C5B812C0210}.Release|Any CPU.Build.0 = Release|Any CPU
	EndGlobalSection
	GlobalSection(SolutionProperties) = preSolution
		HideSolutionNode = FALSE
	EndGlobalSection
	GlobalSection(MonoDevelopProperties) = preSolution
		StartupItem = Assembly-CSharp.csproj
	EndGlobalSection
EndGlobal
